# This file is automatically @generated by Cargo.
# It is not intended for manual editing.
version = 4

[[package]]
name = "lithos-config"
version = "0.1.0"

[[package]]
name = "lithos-core"
version = "0.1.0"

[[package]]
name = "lithos-events"
version = "0.1.0"

[[package]]
name = "lithos-icc"
version = "0.1.0"

[[package]]
name = "lithos-journal"
version = "0.1.0"

[[package]]
name = "lithos-mmap"
version = "0.1.0"

[[package]]
name = "obsidian"
version = "0.1.0"

[[package]]
name = "obsidian-core"
version = "0.1.0"

[[package]]
name = "obsidian-md"
version = "0.1.0"

[[package]]
name = "onyx"
version = "0.1.0"

[[package]]
name = "onyx-core"
version = "0.1.0"

[[package]]
name = "onyx-md"
version = "0.1.0"
